{
	"name": "words-box-cmd",
	"version": "1.0.0",
	"lockfileVersion": 3,
	"requires": true,
	"packages": {
		"": {
			"name": "words-box-cmd",
			"version": "1.0.0",
			"license": "MIT",
			"dependencies": {
				"@inquirer/prompts": "^7.5.1",
				"cli-table3": "^0.6.5",
				"lowdb": "^7.0.1"
			},
			"devDependencies": {
				"@angablue/exe": "^3.2.4",
				"@types/node": "^22.15.17",
				"ts-node": "^10.9.2",
				"typescript": "^4.0.0"
			}
		},
		"node_modules/@angablue/exe": {
			"version": "3.2.4",
			"resolved": "https://registry.npmjs.org/@angablue/exe/-/exe-3.2.4.tgz",
			"integrity": "sha512-+vpgVmB5Ou9QyQTCtjLWBqlRDs0RfBnOkMqkhxtmrJAy5nB5Qg8A5G04WTy/Rn+o2qTovyu0ceARxPZYBS+TOQ==",
			"dev": true,
			"license": "LGPL-3.0-or-later",
			"dependencies": {
				"@vercel/ncc": "^0.38.3",
				"postject": "1.0.0-alpha.6",
				"resedit": "^2.0.3",
				"signtool": "^1.0.0"
			},
			"bin": {
				"exe": "dist/cli.js"
			},
			"engines": {
				"node": ">=20.0.0"
			}
		},
		"node_modules/@colors/colors": {
			"version": "1.5.0",
			"resolved": "https://registry.npmjs.org/@colors/colors/-/colors-1.5.0.tgz",
			"integrity": "sha512-ooWCrlZP11i8GImSjTHYHLkvFDP48nS4+204nGb1RiX/WXYHmJA2III9/e2DWVabCESdW7hBAEzHRqUn9OUVvQ==",
			"license": "MIT",
			"optional": true,
			"engines": {
				"node": ">=0.1.90"
			}
		},
		"node_modules/@cspotcode/source-map-support": {
			"version": "0.8.1",
			"resolved": "https://registry.npmjs.org/@cspotcode/source-map-support/-/source-map-support-0.8.1.tgz",
			"integrity": "sha512-IchNf6dN4tHoMFIn/7OE8LWZ19Y6q/67Bmf6vnGREv8RSbBVb9LPJxEcnwrcwX6ixSvaiGoomAUvu4YSxXrVgw==",
			"dev": true,
			"license": "MIT",
			"dependencies": {
				"@jridgewell/trace-mapping": "0.3.9"
			},
			"engines": {
				"node": ">=12"
			}
		},
		"node_modules/@inquirer/checkbox": {
			"version": "4.1.6",
			"resolved": "https://registry.npmjs.org/@inquirer/checkbox/-/checkbox-4.1.6.tgz",
			"integrity": "sha512-62u896rWCtKKE43soodq5e/QcRsA22I+7/4Ov7LESWnKRO6BVo2A1DFLDmXL9e28TB0CfHc3YtkbPm7iwajqkg==",
			"license": "MIT",
			"dependencies": {
				"@inquirer/core": "^10.1.11",
				"@inquirer/figures": "^1.0.11",
				"@inquirer/type": "^3.0.6",
				"ansi-escapes": "^4.3.2",
				"yoctocolors-cjs": "^2.1.2"
			},
			"engines": {
				"node": ">=18"
			},
			"peerDependencies": {
				"@types/node": ">=18"
			},
			"peerDependenciesMeta": {
				"@types/node": {
					"optional": true
				}
			}
		},
		"node_modules/@inquirer/confirm": {
			"version": "5.1.10",
			"resolved": "https://registry.npmjs.org/@inquirer/confirm/-/confirm-5.1.10.tgz",
			"integrity": "sha512-FxbQ9giWxUWKUk2O5XZ6PduVnH2CZ/fmMKMBkH71MHJvWr7WL5AHKevhzF1L5uYWB2P548o1RzVxrNd3dpmk6g==",
			"license": "MIT",
			"dependencies": {
				"@inquirer/core": "^10.1.11",
				"@inquirer/type": "^3.0.6"
			},
			"engines": {
				"node": ">=18"
			},
			"peerDependencies": {
				"@types/node": ">=18"
			},
			"peerDependenciesMeta": {
				"@types/node": {
					"optional": true
				}
			}
		},
		"node_modules/@inquirer/core": {
			"version": "10.1.11",
			"resolved": "https://registry.npmjs.org/@inquirer/core/-/core-10.1.11.tgz",
			"integrity": "sha512-BXwI/MCqdtAhzNQlBEFE7CEflhPkl/BqvAuV/aK6lW3DClIfYVDWPP/kXuXHtBWC7/EEbNqd/1BGq2BGBBnuxw==",
			"license": "MIT",
			"dependencies": {
				"@inquirer/figures": "^1.0.11",
				"@inquirer/type": "^3.0.6",
				"ansi-escapes": "^4.3.2",
				"cli-width": "^4.1.0",
				"mute-stream": "^2.0.0",
				"signal-exit": "^4.1.0",
				"wrap-ansi": "^6.2.0",
				"yoctocolors-cjs": "^2.1.2"
			},
			"engines": {
				"node": ">=18"
			},
			"peerDependencies": {
				"@types/node": ">=18"
			},
			"peerDependenciesMeta": {
				"@types/node": {
					"optional": true
				}
			}
		},
		"node_modules/@inquirer/editor": {
			"version": "4.2.11",
			"resolved": "https://registry.npmjs.org/@inquirer/editor/-/editor-4.2.11.tgz",
			"integrity": "sha512-YoZr0lBnnLFPpfPSNsQ8IZyKxU47zPyVi9NLjCWtna52//M/xuL0PGPAxHxxYhdOhnvY2oBafoM+BI5w/JK7jw==",
			"license": "MIT",
			"dependencies": {
				"@inquirer/core": "^10.1.11",
				"@inquirer/type": "^3.0.6",
				"external-editor": "^3.1.0"
			},
			"engines": {
				"node": ">=18"
			},
			"peerDependencies": {
				"@types/node": ">=18"
			},
			"peerDependenciesMeta": {
				"@types/node": {
					"optional": true
				}
			}
		},
		"node_modules/@inquirer/expand": {
			"version": "4.0.13",
			"resolved": "https://registry.npmjs.org/@inquirer/expand/-/expand-4.0.13.tgz",
			"integrity": "sha512-HgYNWuZLHX6q5y4hqKhwyytqAghmx35xikOGY3TcgNiElqXGPas24+UzNPOwGUZa5Dn32y25xJqVeUcGlTv+QQ==",
			"license": "MIT",
			"dependencies": {
				"@inquirer/core": "^10.1.11",
				"@inquirer/type": "^3.0.6",
				"yoctocolors-cjs": "^2.1.2"
			},
			"engines": {
				"node": ">=18"
			},
			"peerDependencies": {
				"@types/node": ">=18"
			},
			"peerDependenciesMeta": {
				"@types/node": {
					"optional": true
				}
			}
		},
		"node_modules/@inquirer/figures": {
			"version": "1.0.11",
			"resolved": "https://registry.npmjs.org/@inquirer/figures/-/figures-1.0.11.tgz",
			"integrity": "sha512-eOg92lvrn/aRUqbxRyvpEWnrvRuTYRifixHkYVpJiygTgVSBIHDqLh0SrMQXkafvULg3ck11V7xvR+zcgvpHFw==",
			"license": "MIT",
			"engines": {
				"node": ">=18"
			}
		},
		"node_modules/@inquirer/input": {
			"version": "4.1.10",
			"resolved": "https://registry.npmjs.org/@inquirer/input/-/input-4.1.10.tgz",
			"integrity": "sha512-kV3BVne3wJ+j6reYQUZi/UN9NZGZLxgc/tfyjeK3mrx1QI7RXPxGp21IUTv+iVHcbP4ytZALF8vCHoxyNSC6qg==",
			"license": "MIT",
			"dependencies": {
				"@inquirer/core": "^10.1.11",
				"@inquirer/type": "^3.0.6"
			},
			"engines": {
				"node": ">=18"
			},
			"peerDependencies": {
				"@types/node": ">=18"
			},
			"peerDependenciesMeta": {
				"@types/node": {
					"optional": true
				}
			}
		},
		"node_modules/@inquirer/number": {
			"version": "3.0.13",
			"resolved": "https://registry.npmjs.org/@inquirer/number/-/number-3.0.13.tgz",
			"integrity": "sha512-IrLezcg/GWKS8zpKDvnJ/YTflNJdG0qSFlUM/zNFsdi4UKW/CO+gaJpbMgQ20Q58vNKDJbEzC6IebdkprwL6ew==",
			"license": "MIT",
			"dependencies": {
				"@inquirer/core": "^10.1.11",
				"@inquirer/type": "^3.0.6"
			},
			"engines": {
				"node": ">=18"
			},
			"peerDependencies": {
				"@types/node": ">=18"
			},
			"peerDependenciesMeta": {
				"@types/node": {
					"optional": true
				}
			}
		},
		"node_modules/@inquirer/password": {
			"version": "4.0.13",
			"resolved": "https://registry.npmjs.org/@inquirer/password/-/password-4.0.13.tgz",
			"integrity": "sha512-NN0S/SmdhakqOTJhDwOpeBEEr8VdcYsjmZHDb0rblSh2FcbXQOr+2IApP7JG4WE3sxIdKytDn4ed3XYwtHxmJQ==",
			"license": "MIT",
			"dependencies": {
				"@inquirer/core": "^10.1.11",
				"@inquirer/type": "^3.0.6",
				"ansi-escapes": "^4.3.2"
			},
			"engines": {
				"node": ">=18"
			},
			"peerDependencies": {
				"@types/node": ">=18"
			},
			"peerDependenciesMeta": {
				"@types/node": {
					"optional": true
				}
			}
		},
		"node_modules/@inquirer/prompts": {
			"version": "7.5.1",
			"resolved": "https://registry.npmjs.org/@inquirer/prompts/-/prompts-7.5.1.tgz",
			"integrity": "sha512-5AOrZPf2/GxZ+SDRZ5WFplCA2TAQgK3OYrXCYmJL5NaTu4ECcoWFlfUZuw7Es++6Njv7iu/8vpYJhuzxUH76Vg==",
			"license": "MIT",
			"dependencies": {
				"@inquirer/checkbox": "^4.1.6",
				"@inquirer/confirm": "^5.1.10",
				"@inquirer/editor": "^4.2.11",
				"@inquirer/expand": "^4.0.13",
				"@inquirer/input": "^4.1.10",
				"@inquirer/number": "^3.0.13",
				"@inquirer/password": "^4.0.13",
				"@inquirer/rawlist": "^4.1.1",
				"@inquirer/search": "^3.0.13",
				"@inquirer/select": "^4.2.1"
			},
			"engines": {
				"node": ">=18"
			},
			"peerDependencies": {
				"@types/node": ">=18"
			},
			"peerDependenciesMeta": {
				"@types/node": {
					"optional": true
				}
			}
		},
		"node_modules/@inquirer/rawlist": {
			"version": "4.1.1",
			"resolved": "https://registry.npmjs.org/@inquirer/rawlist/-/rawlist-4.1.1.tgz",
			"integrity": "sha512-VBUC0jPN2oaOq8+krwpo/mf3n/UryDUkKog3zi+oIi8/e5hykvdntgHUB9nhDM78RubiyR1ldIOfm5ue+2DeaQ==",
			"license": "MIT",
			"dependencies": {
				"@inquirer/core": "^10.1.11",
				"@inquirer/type": "^3.0.6",
				"yoctocolors-cjs": "^2.1.2"
			},
			"engines": {
				"node": ">=18"
			},
			"peerDependencies": {
				"@types/node": ">=18"
			},
			"peerDependenciesMeta": {
				"@types/node": {
					"optional": true
				}
			}
		},
		"node_modules/@inquirer/search": {
			"version": "3.0.13",
			"resolved": "https://registry.npmjs.org/@inquirer/search/-/search-3.0.13.tgz",
			"integrity": "sha512-9g89d2c5Izok/Gw/U7KPC3f9kfe5rA1AJ24xxNZG0st+vWekSk7tB9oE+dJv5JXd0ZSijomvW0KPMoBd8qbN4g==",
			"license": "MIT",
			"dependencies": {
				"@inquirer/core": "^10.1.11",
				"@inquirer/figures": "^1.0.11",
				"@inquirer/type": "^3.0.6",
				"yoctocolors-cjs": "^2.1.2"
			},
			"engines": {
				"node": ">=18"
			},
			"peerDependencies": {
				"@types/node": ">=18"
			},
			"peerDependenciesMeta": {
				"@types/node": {
					"optional": true
				}
			}
		},
		"node_modules/@inquirer/select": {
			"version": "4.2.1",
			"resolved": "https://registry.npmjs.org/@inquirer/select/-/select-4.2.1.tgz",
			"integrity": "sha512-gt1Kd5XZm+/ddemcT3m23IP8aD8rC9drRckWoP/1f7OL46Yy2FGi8DSmNjEjQKtPl6SV96Kmjbl6p713KXJ/Jg==",
			"license": "MIT",
			"dependencies": {
				"@inquirer/core": "^10.1.11",
				"@inquirer/figures": "^1.0.11",
				"@inquirer/type": "^3.0.6",
				"ansi-escapes": "^4.3.2",
				"yoctocolors-cjs": "^2.1.2"
			},
			"engines": {
				"node": ">=18"
			},
			"peerDependencies": {
				"@types/node": ">=18"
			},
			"peerDependenciesMeta": {
				"@types/node": {
					"optional": true
				}
			}
		},
		"node_modules/@inquirer/type": {
			"version": "3.0.6",
			"resolved": "https://registry.npmjs.org/@inquirer/type/-/type-3.0.6.tgz",
			"integrity": "sha512-/mKVCtVpyBu3IDarv0G+59KC4stsD5mDsGpYh+GKs1NZT88Jh52+cuoA1AtLk2Q0r/quNl+1cSUyLRHBFeD0XA==",
			"license": "MIT",
			"engines": {
				"node": ">=18"
			},
			"peerDependencies": {
				"@types/node": ">=18"
			},
			"peerDependenciesMeta": {
				"@types/node": {
					"optional": true
				}
			}
		},
		"node_modules/@jridgewell/resolve-uri": {
			"version": "3.1.2",
			"resolved": "https://registry.npmjs.org/@jridgewell/resolve-uri/-/resolve-uri-3.1.2.tgz",
			"integrity": "sha512-bRISgCIjP20/tbWSPWMEi54QVPRZExkuD9lJL+UIxUKtwVJA8wW1Trb1jMs1RFXo1CBTNZ/5hpC9QvmKWdopKw==",
			"dev": true,
			"license": "MIT",
			"engines": {
				"node": ">=6.0.0"
			}
		},
		"node_modules/@jridgewell/sourcemap-codec": {
			"version": "1.5.0",
			"resolved": "https://registry.npmjs.org/@jridgewell/sourcemap-codec/-/sourcemap-codec-1.5.0.tgz",
			"integrity": "sha512-gv3ZRaISU3fjPAgNsriBRqGWQL6quFx04YMPW/zD8XMLsU32mhCCbfbO6KZFLjvYpCZ8zyDEgqsgf+PwPaM7GQ==",
			"dev": true,
			"license": "MIT"
		},
		"node_modules/@jridgewell/trace-mapping": {
			"version": "0.3.9",
			"resolved": "https://registry.npmjs.org/@jridgewell/trace-mapping/-/trace-mapping-0.3.9.tgz",
			"integrity": "sha512-3Belt6tdc8bPgAtbcmdtNJlirVoTmEb5e2gC94PnkwEW9jI6CAHUeoG85tjWP5WquqfavoMtMwiG4P926ZKKuQ==",
			"dev": true,
			"license": "MIT",
			"dependencies": {
				"@jridgewell/resolve-uri": "^3.0.3",
				"@jridgewell/sourcemap-codec": "^1.4.10"
			}
		},
		"node_modules/@tsconfig/node10": {
			"version": "1.0.11",
			"resolved": "https://registry.npmjs.org/@tsconfig/node10/-/node10-1.0.11.tgz",
			"integrity": "sha512-DcRjDCujK/kCk/cUe8Xz8ZSpm8mS3mNNpta+jGCA6USEDfktlNvm1+IuZ9eTcDbNk41BHwpHHeW+N1lKCz4zOw==",
			"dev": true,
			"license": "MIT"
		},
		"node_modules/@tsconfig/node12": {
			"version": "1.0.11",
			"resolved": "https://registry.npmjs.org/@tsconfig/node12/-/node12-1.0.11.tgz",
			"integrity": "sha512-cqefuRsh12pWyGsIoBKJA9luFu3mRxCA+ORZvA4ktLSzIuCUtWVxGIuXigEwO5/ywWFMZ2QEGKWvkZG1zDMTag==",
			"dev": true,
			"license": "MIT"
		},
		"node_modules/@tsconfig/node14": {
			"version": "1.0.3",
			"resolved": "https://registry.npmjs.org/@tsconfig/node14/-/node14-1.0.3.tgz",
			"integrity": "sha512-ysT8mhdixWK6Hw3i1V2AeRqZ5WfXg1G43mqoYlM2nc6388Fq5jcXyr5mRsqViLx/GJYdoL0bfXD8nmF+Zn/Iow==",
			"dev": true,
			"license": "MIT"
		},
		"node_modules/@tsconfig/node16": {
			"version": "1.0.4",
			"resolved": "https://registry.npmjs.org/@tsconfig/node16/-/node16-1.0.4.tgz",
			"integrity": "sha512-vxhUy4J8lyeyinH7Azl1pdd43GJhZH/tP2weN8TntQblOY+A0XbT8DJk1/oCPuOOyg/Ja757rG0CgHcWC8OfMA==",
			"dev": true,
			"license": "MIT"
		},
		"node_modules/@types/node": {
			"version": "22.15.17",
			"resolved": "https://registry.npmjs.org/@types/node/-/node-22.15.17.tgz",
			"integrity": "sha512-wIX2aSZL5FE+MR0JlvF87BNVrtFWf6AE6rxSE9X7OwnVvoyCQjpzSRJ+M87se/4QCkCiebQAqrJ0y6fwIyi7nw==",
			"devOptional": true,
			"license": "MIT",
			"dependencies": {
				"undici-types": "~6.21.0"
			}
		},
		"node_modules/@vercel/ncc": {
			"version": "0.38.3",
			"resolved": "https://registry.npmjs.org/@vercel/ncc/-/ncc-0.38.3.tgz",
			"integrity": "sha512-rnK6hJBS6mwc+Bkab+PGPs9OiS0i/3kdTO+CkI8V0/VrW3vmz7O2Pxjw/owOlmo6PKEIxRSeZKv/kuL9itnpYA==",
			"dev": true,
			"license": "MIT",
			"bin": {
				"ncc": "dist/ncc/cli.js"
			}
		},
		"node_modules/acorn": {
			"version": "8.14.1",
			"resolved": "https://registry.npmjs.org/acorn/-/acorn-8.14.1.tgz",
			"integrity": "sha512-OvQ/2pUDKmgfCg++xsTX1wGxfTaszcHVcTctW4UJB4hibJx2HXxxO5UmVgyjMa+ZDsiaf5wWLXYpRWMmBI0QHg==",
			"dev": true,
			"license": "MIT",
			"bin": {
				"acorn": "bin/acorn"
			},
			"engines": {
				"node": ">=0.4.0"
			}
		},
		"node_modules/acorn-walk": {
			"version": "8.3.4",
			"resolved": "https://registry.npmjs.org/acorn-walk/-/acorn-walk-8.3.4.tgz",
			"integrity": "sha512-ueEepnujpqee2o5aIYnvHU6C0A42MNdsIDeqy5BydrkuC5R1ZuUFnm27EeFJGoEHJQgn3uleRvmTXaJgfXbt4g==",
			"dev": true,
			"license": "MIT",
			"dependencies": {
				"acorn": "^8.11.0"
			},
			"engines": {
				"node": ">=0.4.0"
			}
		},
		"node_modules/ansi-escapes": {
			"version": "4.3.2",
			"resolved": "https://registry.npmjs.org/ansi-escapes/-/ansi-escapes-4.3.2.tgz",
			"integrity": "sha512-gKXj5ALrKWQLsYG9jlTRmR/xKluxHV+Z9QEwNIgCfM1/uwPMCuzVVnh5mwTd+OuBZcwSIMbqssNWRm1lE51QaQ==",
			"license": "MIT",
			"dependencies": {
				"type-fest": "^0.21.3"
			},
			"engines": {
				"node": ">=8"
			},
			"funding": {
				"url": "https://github.com/sponsors/sindresorhus"
			}
		},
		"node_modules/ansi-regex": {
			"version": "5.0.1",
			"resolved": "https://registry.npmjs.org/ansi-regex/-/ansi-regex-5.0.1.tgz",
			"integrity": "sha512-quJQXlTSUGL2LH9SUXo8VwsY4soanhgo6LNSm84E1LBcE8s3O0wpdiRzyR9z/ZZJMlMWv37qOOb9pdJlMUEKFQ==",
			"license": "MIT",
			"engines": {
				"node": ">=8"
			}
		},
		"node_modules/ansi-styles": {
			"version": "4.3.0",
			"resolved": "https://registry.npmjs.org/ansi-styles/-/ansi-styles-4.3.0.tgz",
			"integrity": "sha512-zbB9rCJAT1rbjiVDb2hqKFHNYLxgtk8NURxZ3IZwD3F6NtxbXZQCnnSi1Lkx+IDohdPlFp222wVALIheZJQSEg==",
			"license": "MIT",
			"dependencies": {
				"color-convert": "^2.0.1"
			},
			"engines": {
				"node": ">=8"
			},
			"funding": {
				"url": "https://github.com/chalk/ansi-styles?sponsor=1"
			}
		},
		"node_modules/arg": {
			"version": "4.1.3",
			"resolved": "https://registry.npmjs.org/arg/-/arg-4.1.3.tgz",
			"integrity": "sha512-58S9QDqG0Xx27YwPSt9fJxivjYl432YCwfDMfZ+71RAqUrZef7LrKQZ3LHLOwCS4FLNBplP533Zx895SeOCHvA==",
			"dev": true,
			"license": "MIT"
		},
		"node_modules/chardet": {
			"version": "0.7.0",
			"resolved": "https://registry.npmjs.org/chardet/-/chardet-0.7.0.tgz",
			"integrity": "sha512-mT8iDcrh03qDGRRmoA2hmBJnxpllMR+0/0qlzjqZES6NdiWDcZkCNAk4rPFZ9Q85r27unkiNNg8ZOiwZXBHwcA==",
			"license": "MIT"
		},
		"node_modules/cli-table3": {
			"version": "0.6.5",
			"resolved": "https://registry.npmjs.org/cli-table3/-/cli-table3-0.6.5.tgz",
			"integrity": "sha512-+W/5efTR7y5HRD7gACw9yQjqMVvEMLBHmboM/kPWam+H+Hmyrgjh6YncVKK122YZkXrLudzTuAukUw9FnMf7IQ==",
			"license": "MIT",
			"dependencies": {
				"string-width": "^4.2.0"
			},
			"engines": {
				"node": "10.* || >= 12.*"
			},
			"optionalDependencies": {
				"@colors/colors": "1.5.0"
			}
		},
		"node_modules/cli-width": {
			"version": "4.1.0",
			"resolved": "https://registry.npmjs.org/cli-width/-/cli-width-4.1.0.tgz",
			"integrity": "sha512-ouuZd4/dm2Sw5Gmqy6bGyNNNe1qt9RpmxveLSO7KcgsTnU7RXfsw+/bukWGo1abgBiMAic068rclZsO4IWmmxQ==",
			"license": "ISC",
			"engines": {
				"node": ">= 12"
			}
		},
		"node_modules/color-convert": {
			"version": "2.0.1",
			"resolved": "https://registry.npmjs.org/color-convert/-/color-convert-2.0.1.tgz",
			"integrity": "sha512-RRECPsj7iu/xb5oKYcsFHSppFNnsj/52OVTRKb4zP5onXwVF3zVmmToNcOfGC+CRDpfK/U584fMg38ZHCaElKQ==",
			"license": "MIT",
			"dependencies": {
				"color-name": "~1.1.4"
			},
			"engines": {
				"node": ">=7.0.0"
			}
		},
		"node_modules/color-name": {
			"version": "1.1.4",
			"resolved": "https://registry.npmjs.org/color-name/-/color-name-1.1.4.tgz",
			"integrity": "sha512-dOy+3AuW3a2wNbZHIuMZpTcgjGuLU/uBL/ubcZF9OXbDo8ff4O8yVp5Bf0efS8uEoYo5q4Fx7dY9OgQGXgAsQA==",
			"license": "MIT"
		},
		"node_modules/commander": {
			"version": "9.5.0",
			"resolved": "https://registry.npmjs.org/commander/-/commander-9.5.0.tgz",
			"integrity": "sha512-KRs7WVDKg86PWiuAqhDrAQnTXZKraVcCc6vFdL14qrZ/DcWwuRo7VoiYXalXO7S5GKpqYiVEwCbgFDfxNHKJBQ==",
			"dev": true,
			"license": "MIT",
			"engines": {
				"node": "^12.20.0 || >=14"
			}
		},
		"node_modules/create-require": {
			"version": "1.1.1",
			"resolved": "https://registry.npmjs.org/create-require/-/create-require-1.1.1.tgz",
			"integrity": "sha512-dcKFX3jn0MpIaXjisoRvexIJVEKzaq7z2rZKxf+MSr9TkdmHmsU4m2lcLojrj/FHl8mk5VxMmYA+ftRkP/3oKQ==",
			"dev": true,
			"license": "MIT"
		},
		"node_modules/diff": {
			"version": "4.0.2",
			"resolved": "https://registry.npmjs.org/diff/-/diff-4.0.2.tgz",
			"integrity": "sha512-58lmxKSA4BNyLz+HHMUzlOEpg09FV+ev6ZMe3vJihgdxzgcwZ8VoEEPmALCZG9LmqfVoNMMKpttIYTVG6uDY7A==",
			"dev": true,
			"license": "BSD-3-Clause",
			"engines": {
				"node": ">=0.3.1"
			}
		},
		"node_modules/emoji-regex": {
			"version": "8.0.0",
			"resolved": "https://registry.npmjs.org/emoji-regex/-/emoji-regex-8.0.0.tgz",
			"integrity": "sha512-MSjYzcWNOA0ewAHpz0MxpYFvwg6yjy1NG3xteoqz644VCo/RPgnr1/GGt+ic3iJTzQ8Eu3TdM14SawnVUmGE6A==",
			"license": "MIT"
		},
		"node_modules/external-editor": {
			"version": "3.1.0",
			"resolved": "https://registry.npmjs.org/external-editor/-/external-editor-3.1.0.tgz",
			"integrity": "sha512-hMQ4CX1p1izmuLYyZqLMO/qGNw10wSv9QDCPfzXfyFrOaCSSoRfqE1Kf1s5an66J5JZC62NewG+mK49jOCtQew==",
			"license": "MIT",
			"dependencies": {
				"chardet": "^0.7.0",
				"iconv-lite": "^0.4.24",
				"tmp": "^0.0.33"
			},
			"engines": {
				"node": ">=4"
			}
		},
		"node_modules/iconv-lite": {
			"version": "0.4.24",
			"resolved": "https://registry.npmjs.org/iconv-lite/-/iconv-lite-0.4.24.tgz",
			"integrity": "sha512-v3MXnZAcvnywkTUEZomIActle7RXXeedOR31wwl7VlyoXO4Qi9arvSenNQWne1TcRwhCL1HwLI21bEqdpj8/rA==",
			"license": "MIT",
			"dependencies": {
				"safer-buffer": ">= 2.1.2 < 3"
			},
			"engines": {
				"node": ">=0.10.0"
			}
		},
		"node_modules/is-fullwidth-code-point": {
			"version": "3.0.0",
			"resolved": "https://registry.npmjs.org/is-fullwidth-code-point/-/is-fullwidth-code-point-3.0.0.tgz",
			"integrity": "sha512-zymm5+u+sCsSWyD9qNaejV3DFvhCKclKdizYaJUuHA83RLjb7nSuGnddCHGv0hk+KY7BMAlsWeK4Ueg6EV6XQg==",
			"license": "MIT",
			"engines": {
				"node": ">=8"
			}
		},
		"node_modules/lowdb": {
			"version": "7.0.1",
			"resolved": "https://registry.npmjs.org/lowdb/-/lowdb-7.0.1.tgz",
			"integrity": "sha512-neJAj8GwF0e8EpycYIDFqEPcx9Qz4GUho20jWFR7YiFeXzF1YMLdxB36PypcTSPMA+4+LvgyMacYhlr18Zlymw==",
			"license": "MIT",
			"dependencies": {
				"steno": "^4.0.2"
			},
			"engines": {
				"node": ">=18"
			},
			"funding": {
				"url": "https://github.com/sponsors/typicode"
			}
		},
		"node_modules/make-error": {
			"version": "1.3.6",
			"resolved": "https://registry.npmjs.org/make-error/-/make-error-1.3.6.tgz",
			"integrity": "sha512-s8UhlNe7vPKomQhC1qFelMokr/Sc3AgNbso3n74mVPA5LTZwkB9NlXf4XPamLxJE8h0gh73rM94xvwRT2CVInw==",
			"dev": true,
			"license": "ISC"
		},
		"node_modules/mute-stream": {
			"version": "2.0.0",
			"resolved": "https://registry.npmjs.org/mute-stream/-/mute-stream-2.0.0.tgz",
			"integrity": "sha512-WWdIxpyjEn+FhQJQQv9aQAYlHoNVdzIzUySNV1gHUPDSdZJ3yZn7pAAbQcV7B56Mvu881q9FZV+0Vx2xC44VWA==",
			"license": "ISC",
			"engines": {
				"node": "^18.17.0 || >=20.5.0"
			}
		},
		"node_modules/os-tmpdir": {
			"version": "1.0.2",
			"resolved": "https://registry.npmjs.org/os-tmpdir/-/os-tmpdir-1.0.2.tgz",
			"integrity": "sha512-D2FR03Vir7FIu45XBY20mTb+/ZSWB00sjU9jdQXt83gDrI4Ztz5Fs7/yy74g2N5SVQY4xY1qDr4rNddwYRVX0g==",
			"license": "MIT",
			"engines": {
				"node": ">=0.10.0"
			}
		},
		"node_modules/pe-library": {
			"version": "1.0.1",
			"resolved": "https://registry.npmjs.org/pe-library/-/pe-library-1.0.1.tgz",
			"integrity": "sha512-nh39Mo1eGWmZS7y+mK/dQIqg7S1lp38DpRxkyoHf0ZcUs/HDc+yyTjuOtTvSMZHmfSLuSQaX945u05Y2Q6UWZg==",
			"dev": true,
			"license": "MIT",
			"engines": {
				"node": ">=14",
				"npm": ">=7"
			},
			"funding": {
				"type": "github",
				"url": "https://github.com/sponsors/jet2jet"
			}
		},
		"node_modules/postject": {
			"version": "1.0.0-alpha.6",
			"resolved": "https://registry.npmjs.org/postject/-/postject-1.0.0-alpha.6.tgz",
			"integrity": "sha512-b9Eb8h2eVqNE8edvKdwqkrY6O7kAwmI8kcnBv1NScolYJbo59XUF0noFq+lxbC1yN20bmC0WBEbDC5H/7ASb0A==",
			"dev": true,
			"license": "MIT",
			"dependencies": {
				"commander": "^9.4.0"
			},
			"bin": {
				"postject": "dist/cli.js"
			},
			"engines": {
				"node": ">=14.0.0"
			}
		},
		"node_modules/resedit": {
			"version": "2.0.3",
			"resolved": "https://registry.npmjs.org/resedit/-/resedit-2.0.3.tgz",
			"integrity": "sha512-oTeemxwoMuxxTYxXUwjkrOPfngTQehlv0/HoYFNkB4uzsP1Un1A9nI8JQKGOFkxpqkC7qkMs0lUsGrvUlbLNUA==",
			"dev": true,
			"license": "MIT",
			"dependencies": {
				"pe-library": "^1.0.1"
			},
			"engines": {
				"node": ">=14",
				"npm": ">=7"
			},
			"funding": {
				"type": "github",
				"url": "https://github.com/sponsors/jet2jet"
			}
		},
		"node_modules/safer-buffer": {
			"version": "2.1.2",
			"resolved": "https://registry.npmjs.org/safer-buffer/-/safer-buffer-2.1.2.tgz",
			"integrity": "sha512-YZo3K82SD7Riyi0E1EQPojLz7kpepnSQI9IyPbHHg1XXXevb5dJI7tpyN2ADxGcQbHG7vcyRHk0cbwqcQriUtg==",
			"license": "MIT"
		},
		"node_modules/signal-exit": {
			"version": "4.1.0",
			"resolved": "https://registry.npmjs.org/signal-exit/-/signal-exit-4.1.0.tgz",
			"integrity": "sha512-bzyZ1e88w9O1iNJbKnOlvYTrWPDl46O1bG0D3XInv+9tkPrxrN8jUUTiFlDkkmKWgn1M6CfIA13SuGqOa9Korw==",
			"license": "ISC",
			"engines": {
				"node": ">=14"
			},
			"funding": {
				"url": "https://github.com/sponsors/isaacs"
			}
		},
		"node_modules/signtool": {
			"version": "1.0.0",
			"resolved": "https://registry.npmjs.org/signtool/-/signtool-1.0.0.tgz",
			"integrity": "sha512-uzzt9lomG7ZusAss1nMMxbR3909BD0kze7yUPklCNVAs2HYkFPSvJtJOv2F4T1Kx+9Vj+AvcsQkWes78OSu75Q==",
			"dev": true,
			"license": "MIT"
		},
		"node_modules/steno": {
			"version": "4.0.2",
			"resolved": "https://registry.npmjs.org/steno/-/steno-4.0.2.tgz",
			"integrity": "sha512-yhPIQXjrlt1xv7dyPQg2P17URmXbuM5pdGkpiMB3RenprfiBlvK415Lctfe0eshk90oA7/tNq7WEiMK8RSP39A==",
			"license": "MIT",
			"engines": {
				"node": ">=18"
			},
			"funding": {
				"url": "https://github.com/sponsors/typicode"
			}
		},
		"node_modules/string-width": {
			"version": "4.2.3",
			"resolved": "https://registry.npmjs.org/string-width/-/string-width-4.2.3.tgz",
			"integrity": "sha512-wKyQRQpjJ0sIp62ErSZdGsjMJWsap5oRNihHhu6G7JVO/9jIB6UyevL+tXuOqrng8j/cxKTWyWUwvSTriiZz/g==",
			"license": "MIT",
			"dependencies": {
				"emoji-regex": "^8.0.0",
				"is-fullwidth-code-point": "^3.0.0",
				"strip-ansi": "^6.0.1"
			},
			"engines": {
				"node": ">=8"
			}
		},
		"node_modules/strip-ansi": {
			"version": "6.0.1",
			"resolved": "https://registry.npmjs.org/strip-ansi/-/strip-ansi-6.0.1.tgz",
			"integrity": "sha512-Y38VPSHcqkFrCpFnQ9vuSXmquuv5oXOKpGeT6aGrr3o3Gc9AlVa6JBfUSOCnbxGGZF+/0ooI7KrPuUSztUdU5A==",
			"license": "MIT",
			"dependencies": {
				"ansi-regex": "^5.0.1"
			},
			"engines": {
				"node": ">=8"
			}
		},
		"node_modules/tmp": {
			"version": "0.0.33",
			"resolved": "https://registry.npmjs.org/tmp/-/tmp-0.0.33.tgz",
			"integrity": "sha512-jRCJlojKnZ3addtTOjdIqoRuPEKBvNXcGYqzO6zWZX8KfKEpnGY5jfggJQ3EjKuu8D4bJRr0y+cYJFmYbImXGw==",
			"license": "MIT",
			"dependencies": {
				"os-tmpdir": "~1.0.2"
			},
			"engines": {
				"node": ">=0.6.0"
			}
		},
		"node_modules/ts-node": {
			"version": "10.9.2",
			"resolved": "https://registry.npmjs.org/ts-node/-/ts-node-10.9.2.tgz",
			"integrity": "sha512-f0FFpIdcHgn8zcPSbf1dRevwt047YMnaiJM3u2w2RewrB+fob/zePZcrOyQoLMMO7aBIddLcQIEK5dYjkLnGrQ==",
			"dev": true,
			"license": "MIT",
			"dependencies": {
				"@cspotcode/source-map-support": "^0.8.0",
				"@tsconfig/node10": "^1.0.7",
				"@tsconfig/node12": "^1.0.7",
				"@tsconfig/node14": "^1.0.0",
				"@tsconfig/node16": "^1.0.2",
				"acorn": "^8.4.1",
				"acorn-walk": "^8.1.1",
				"arg": "^4.1.0",
				"create-require": "^1.1.0",
				"diff": "^4.0.1",
				"make-error": "^1.1.1",
				"v8-compile-cache-lib": "^3.0.1",
				"yn": "3.1.1"
			},
			"bin": {
				"ts-node": "dist/bin.js",
				"ts-node-cwd": "dist/bin-cwd.js",
				"ts-node-esm": "dist/bin-esm.js",
				"ts-node-script": "dist/bin-script.js",
				"ts-node-transpile-only": "dist/bin-transpile.js",
				"ts-script": "dist/bin-script-deprecated.js"
			},
			"peerDependencies": {
				"@swc/core": ">=1.2.50",
				"@swc/wasm": ">=1.2.50",
				"@types/node": "*",
				"typescript": ">=2.7"
			},
			"peerDependenciesMeta": {
				"@swc/core": {
					"optional": true
				},
				"@swc/wasm": {
					"optional": true
				}
			}
		},
		"node_modules/type-fest": {
			"version": "0.21.3",
			"resolved": "https://registry.npmjs.org/type-fest/-/type-fest-0.21.3.tgz",
			"integrity": "sha512-t0rzBq87m3fVcduHDUFhKmyyX+9eo6WQjZvf51Ea/M0Q7+T374Jp1aUiyUl0GKxp8M/OETVHSDvmkyPgvX+X2w==",
			"license": "(MIT OR CC0-1.0)",
			"engines": {
				"node": ">=10"
			},
			"funding": {
				"url": "https://github.com/sponsors/sindresorhus"
			}
		},
		"node_modules/typescript": {
			"version": "4.9.5",
			"resolved": "https://registry.npmjs.org/typescript/-/typescript-4.9.5.tgz",
			"integrity": "sha512-1FXk9E2Hm+QzZQ7z+McJiHL4NW1F2EzMu9Nq9i3zAaGqibafqYwCVU6WyWAuyQRRzOlxou8xZSyXLEN8oKj24g==",
			"dev": true,
			"license": "Apache-2.0",
			"bin": {
				"tsc": "bin/tsc",
				"tsserver": "bin/tsserver"
			},
			"engines": {
				"node": ">=4.2.0"
			}
		},
		"node_modules/undici-types": {
			"version": "6.21.0",
			"resolved": "https://registry.npmjs.org/undici-types/-/undici-types-6.21.0.tgz",
			"integrity": "sha512-iwDZqg0QAGrg9Rav5H4n0M64c3mkR59cJ6wQp+7C4nI0gsmExaedaYLNO44eT4AtBBwjbTiGPMlt2Md0T9H9JQ==",
			"devOptional": true,
			"license": "MIT"
		},
		"node_modules/v8-compile-cache-lib": {
			"version": "3.0.1",
			"resolved": "https://registry.npmjs.org/v8-compile-cache-lib/-/v8-compile-cache-lib-3.0.1.tgz",
			"integrity": "sha512-wa7YjyUGfNZngI/vtK0UHAN+lgDCxBPCylVXGp0zu59Fz5aiGtNXaq3DhIov063MorB+VfufLh3JlF2KdTK3xg==",
			"dev": true,
			"license": "MIT"
		},
		"node_modules/wrap-ansi": {
			"version": "6.2.0",
			"resolved": "https://registry.npmjs.org/wrap-ansi/-/wrap-ansi-6.2.0.tgz",
			"integrity": "sha512-r6lPcBGxZXlIcymEu7InxDMhdW0KDxpLgoFLcguasxCaJ/SOIZwINatK9KY/tf+ZrlywOKU0UDj3ATXUBfxJXA==",
			"license": "MIT",
			"dependencies": {
				"ansi-styles": "^4.0.0",
				"string-width": "^4.1.0",
				"strip-ansi": "^6.0.0"
			},
			"engines": {
				"node": ">=8"
			}
		},
		"node_modules/yn": {
			"version": "3.1.1",
			"resolved": "https://registry.npmjs.org/yn/-/yn-3.1.1.tgz",
			"integrity": "sha512-Ux4ygGWsu2c7isFWe8Yu1YluJmqVhxqK2cLXNQA5AcC3QfbGNpM7fu0Y8b/z16pXLnFxZYvWhd3fhBY9DLmC6Q==",
			"dev": true,
			"license": "MIT",
			"engines": {
				"node": ">=6"
			}
		},
		"node_modules/yoctocolors-cjs": {
			"version": "2.1.2",
			"resolved": "https://registry.npmjs.org/yoctocolors-cjs/-/yoctocolors-cjs-2.1.2.tgz",
			"integrity": "sha512-cYVsTjKl8b+FrnidjibDWskAv7UKOfcwaVZdp/it9n1s9fU3IkgDbhdIRKCW4JDsAlECJY0ytoVPT3sK6kideA==",
			"license": "MIT",
			"engines": {
				"node": ">=18"
			},
			"funding": {
				"url": "https://github.com/sponsors/sindresorhus"
			}
		}
	}
}
